
Microsoft Visual Studio Solution File, Format Version 12.00
# Visual Studio Version 16
VisualStudioVersion = 16.0.30413.136
MinimumVisualStudioVersion = 10.0.40219.1
Project("{FAE04EC0-301F-11D3-BF4B-00C04F79EFBC}") = "TeamLearningConcepts", "TeamLearningConcepts\TeamLearningConcepts.csproj", "{5549CCF1-7BDA-4A84-8CCE-CDEE940B4FCB}"
EndProject
Global
	GlobalSection(SolutionConfigurationPlatforms) = preSolution
		Debug|Any CPU = Debug|Any CPU
		Release|Any CPU = Release|Any CPU
	EndGlobalSection
	GlobalSection(ProjectConfigurationPlatforms) = postSolution
		{5549CCF1-7BDA-4A84-8CCE-CDEE940B4FCB}.Debug|Any CPU.ActiveCfg = Debug|Any CPU
		{5549CCF1-7BDA-4A84-8CCE-CDEE940B4FCB}.Debug|Any CPU.Build.0 = Debug|Any CPU
		{5549CCF1-7BDA-4A84-8CCE-CDEE940B4FCB}.Release|Any CPU.ActiveCfg = Release|Any CPU
		{5549CCF1-7BDA-4A84-8CCE-CDEE940B4FCB}.Release|Any CPU.Build.0 = Release|Any CPU
	EndGlobalSection
	GlobalSection(SolutionProperties) = preSolution
		HideSolutionNode = FALSE
	EndGlobalSection
	GlobalSection(ExtensibilityGlobals) = postSolution
		SolutionGuid = {24673952-0638-4AEC-AABF-5EB5AB18B37E}
	EndGlobalSection
EndGlobal
